// !$*UTF8*$!
{
	archiveVersion = 1;
	classes = {
	};
	objectVersion = 46;
	objects = {

/* Begin PBXBuildFile section */
		3AEE2DEC1F4AA82F004430C8 /* main.m in Sources */ = {isa = PBXBuildFile; fileRef = 3AEE2DEB1F4AA82F004430C8 /* main.m */; };
		3AEE2DEF1F4AA82F004430C8 /* AppDelegate.m in Sources */ = {isa = PBXBuildFile; fileRef = 3AEE2DEE1F4AA82F004430C8 /* AppDelegate.m */; };
		3AEE2DF21F4AA82F004430C8 /* ViewController.m in Sources */ = {isa = PBXBuildFile; fileRef = 3AEE2DF11F4AA82F004430C8 /* ViewController.m */; };
		3AEE2DF51F4AA82F004430C8 /* Main.storyboard in Resources */ = {isa = PBXBuildFile; fileRef = 3AEE2DF31F4AA82F004430C8 /* Main.storyboard */; };
		3AEE2DF71F4AA82F004430C8 /* Assets.xcassets in Resources */ = {isa = PBXBuildFile; fileRef = 3AEE2DF61F4AA82F004430C8 /* Assets.xcassets */; };
		3AEE2DFA1F4AA82F004430C8 /* LaunchScreen.storyboard in Resources */ = {isa = PBXBuildFile; fileRef = 3AEE2DF81F4AA82F004430C8 /* LaunchScreen.storyboard */; };
		3AEE2E051F4AA82F004430C8 /* ZSHAlertTests.m in Sources */ = {isa = PBXBuildFile; fileRef = 3AEE2E041F4AA82F004430C8 /* ZSHAlertTests.m */; };
		3AEE2E101F4AA82F004430C8 /* ZSHAlertUITests.m in Sources */ = {isa = PBXBuildFile; fileRef = 3AEE2E0F1F4AA82F004430C8 /* ZSHAlertUITests.m */; };
		3AEE2E241F4AA85A004430C8 /* ZSHAlertButton.m in Sources */ = {isa = PBXBuildFile; fileRef = 3AEE2E1F1F4AA85A004430C8 /* ZSHAlertButton.m */; };
		3AEE2E251F4AA85A004430C8 /* ZSHAlertV.m in Sources */ = {isa = PBXBuildFile; fileRef = 3AEE2E211F4AA85A004430C8 /* ZSHAlertV.m */; };
		3AEE2E261F4AA85A004430C8 /* ZSHControlView.m in Sources */ = {isa = PBXBuildFile; fileRef = 3AEE2E231F4AA85A004430C8 /* ZSHControlView.m */; };
/* End PBXBuildFile section */

/* Begin PBXContainerItemProxy section */
		3AEE2E011F4AA82F004430C8 /* PBXContainerItemProxy */ = {
			isa = PBXContainerItemProxy;
			containerPortal = 3AEE2DDF1F4AA82F004430C8 /* Project object */;
			proxyType = 1;
			remoteGlobalIDString = 3AEE2DE61F4AA82F004430C8;
			remoteInfo = ZSHAlert;
		};
		3AEE2E0C1F4AA82F004430C8 /* PBXContainerItemProxy */ = {
			isa = PBXContainerItemProxy;
			containerPortal = 3AEE2DDF1F4AA82F004430C8 /* Project object */;
			proxyType = 1;
			remoteGlobalIDString = 3AEE2DE61F4AA82F004430C8;
			remoteInfo = ZSHAlert;
		};
/* End PBXContainerItemProxy section */

/* Begin PBXFileReference section */
		3AEE2DE71F4AA82F004430C8 /* ZSHAlert.app */ = {isa = PBXFileReference; explicitFileType = wrapper.application; includeInIndex = 0; path = ZSHAlert.app; sourceTree = BUILT_PRODUCTS_DIR; };
		3AEE2DEB1F4AA82F004430C8 /* main.m */ = {isa = PBXFileReference; lastKnownFileType = sourcecode.c.objc; path = main.m; sourceTree = "<group>"; };
		3AEE2DED1F4AA82F004430C8 /* AppDelegate.h */ = {isa = PBXFileReference; lastKnownFileType = sourcecode.c.h; path = AppDelegate.h; sourceTree = "<group>"; };
		3AEE2DEE1F4AA82F004430C8 /* AppDelegate.m */ = {isa = PBXFileReference; lastKnownFileType = sourcecode.c.objc; path = AppDelegate.m; sourceTree = "<group>"; };
		3AEE2DF01F4AA82F004430C8 /* ViewController.h */ = {isa = PBXFileReference; lastKnownFileType = sourcecode.c.h; path = ViewController.h; sourceTree = "<group>"; };
		3AEE2DF11F4AA82F004430C8 /* ViewController.m */ = {isa = PBXFileReference; lastKnownFileType = sourcecode.c.objc; path = ViewController.m; sourceTree = "<group>"; };
		3AEE2DF41F4AA82F004430C8 /* Base */ = {isa = PBXFileReference; lastKnownFileType = file.storyboard; name = Base; path = Base.lproj/Main.storyboard; sourceTree = "<group>"; };
		3AEE2DF61F4AA82F004430C8 /* Assets.xcassets */ = {isa = PBXFileReference; lastKnownFileType = folder.assetcatalog; path = Assets.xcassets; sourceTree = "<group>"; };
		3AEE2DF91F4AA82F004430C8 /* Base */ = {isa = PBXFileReference; lastKnownFileType = file.storyboard; name = Base; path = Base.lproj/LaunchScreen.storyboard; sourceTree = "<group>"; };
		3AEE2DFB1F4AA82F004430C8 /* Info.plist */ = {isa = PBXFileReference; lastKnownFileType = text.plist.xml; path = Info.plist; sourceTree = "<group>"; };
		3AEE2E001F4AA82F004430C8 /* ZSHAlertTests.xctest */ = {isa = PBXFileReference; explicitFileType = wrapper.cfbundle; includeInIndex = 0; path = ZSHAlertTests.xctest; sourceTree = BUILT_PRODUCTS_DIR; };
		3AEE2E041F4AA82F004430C8 /* ZSHAlertTests.m */ = {isa = PBXFileReference; lastKnownFileType = sourcecode.c.objc; path = ZSHAlertTests.m; sourceTree = "<group>"; };
		3AEE2E061F4AA82F004430C8 /* Info.plist */ = {isa = PBXFileReference; lastKnownFileType = text.plist.xml; path = Info.plist; sourceTree = "<group>"; };
		3AEE2E0B1F4AA82F004430C8 /* ZSHAlertUITests.xctest */ = {isa = PBXFileReference; explicitFileType = wrapper.cfbundle; includeInIndex = 0; path = ZSHAlertUITests.xctest; sourceTree = BUILT_PRODUCTS_DIR; };
		3AEE2E0F1F4AA82F004430C8 /* ZSHAlertUITests.m */ = {isa = PBXFileReference; lastKnownFileType = sourcecode.c.objc; path = ZSHAlertUITests.m; sourceTree = "<group>"; };
		3AEE2E111F4AA82F004430C8 /* Info.plist */ = {isa = PBXFileReference; lastKnownFileType = text.plist.xml; path = Info.plist; sourceTree = "<group>"; };
		3AEE2E1E1F4AA85A004430C8 /* ZSHAlertButton.h */ = {isa = PBXFileReference; fileEncoding = 4; lastKnownFileType = sourcecode.c.h; path = ZSHAlertButton.h; sourceTree = "<group>"; };
		3AEE2E1F1F4AA85A004430C8 /* ZSHAlertButton.m */ = {isa = PBXFileReference; fileEncoding = 4; lastKnownFileType = sourcecode.c.objc; path = ZSHAlertButton.m; sourceTree = "<group>"; };
		3AEE2E201F4AA85A004430C8 /* ZSHAlertV.h */ = {isa = PBXFileReference; fileEncoding = 4; lastKnownFileType = sourcecode.c.h; path = ZSHAlertV.h; sourceTree = "<group>"; };
		3AEE2E211F4AA85A004430C8 /* ZSHAlertV.m */ = {isa = PBXFileReference; fileEncoding = 4; lastKnownFileType = sourcecode.c.objc; path = ZSHAlertV.m; sourceTree = "<group>"; };
		3AEE2E221F4AA85A004430C8 /* ZSHControlView.h */ = {isa = PBXFileReference; fileEncoding = 4; lastKnownFileType = sourcecode.c.h; path = ZSHControlView.h; sourceTree = "<group>"; };
		3AEE2E231F4AA85A004430C8 /* ZSHControlView.m */ = {isa = PBXFileReference; fileEncoding = 4; lastKnownFileType = sourcecode.c.objc; path = ZSHControlView.m; sourceTree = "<group>"; };
/* End PBXFileReference section */

/* Begin PBXFrameworksBuildPhase section */
		3AEE2DE41F4AA82F004430C8 /* Frameworks */ = {
			isa = PBXFrameworksBuildPhase;
			buildActionMask = 2147483647;
			files = (
			);
			runOnlyForDeploymentPostprocessing = 0;
		};
		3AEE2DFD1F4AA82F004430C8 /* Frameworks */ = {
			isa = PBXFrameworksBuildPhase;
			buildActionMask = 2147483647;
			files = (
			);
			runOnlyForDeploymentPostprocessing = 0;
		};
		3AEE2E081F4AA82F004430C8 /* Frameworks */ = {
			isa = PBXFrameworksBuildPhase;
			buildActionMask = 2147483647;
			files = (
			);
			runOnlyForDeploymentPostprocessing = 0;
		};
/* End PBXFrameworksBuildPhase section */

/* Begin PBXGroup section */
		3AEE2DDE1F4AA82F004430C8 = {
			isa = PBXGroup;
			children = (
				3AEE2DE91F4AA82F004430C8 /* ZSHAlert */,
				3AEE2E031F4AA82F004430C8 /* ZSHAlertTests */,
				3AEE2E0E1F4AA82F004430C8 /* ZSHAlertUITests */,
				3AEE2DE81F4AA82F004430C8 /* Products */,
			);
			sourceTree = "<group>";
		};
		3AEE2DE81F4AA82F004430C8 /* Products */ = {
			isa = PBXGroup;
			children = (
				3AEE2DE71F4AA82F004430C8 /* ZSHAlert.app */,
				3AEE2E001F4AA82F004430C8 /* ZSHAlertTests.xctest */,
				3AEE2E0B1F4AA82F004430C8 /* ZSHAlertUITests.xctest */,
			);
			name = Products;
			sourceTree = "<group>";
		};
		3AEE2DE91F4AA82F004430C8 /* ZSHAlert */ = {
			isa = PBXGroup;
			children = (
				3AEE2E1D1F4AA85A004430C8 /* CustomAlert(自定义提示框) */,
				3AEE2DED1F4AA82F004430C8 /* AppDelegate.h */,
				3AEE2DEE1F4AA82F004430C8 /* AppDelegate.m */,
				3AEE2DF01F4AA82F004430C8 /* ViewController.h */,
				3AEE2DF11F4AA82F004430C8 /* ViewController.m */,
				3AEE2DF31F4AA82F004430C8 /* Main.storyboard */,
				3AEE2DF61F4AA82F004430C8 /* Assets.xcassets */,
				3AEE2DF81F4AA82F004430C8 /* LaunchScreen.storyboard */,
				3AEE2DFB1F4AA82F004430C8 /* Info.plist */,
				3AEE2DEA1F4AA82F004430C8 /* Supporting Files */,
			);
			path = ZSHAlert;
			sourceTree = "<group>";
		};
		3AEE2DEA1F4AA82F004430C8 /* Supporting Files */ = {
			isa = PBXGroup;
			children = (
				3AEE2DEB1F4AA82F004430C8 /* main.m */,
			);
			name = "Supporting Files";
			sourceTree = "<group>";
		};
		3AEE2E031F4AA82F004430C8 /* ZSHAlertTests */ = {
			isa = PBXGroup;
			children = (
				3AEE2E041F4AA82F004430C8 /* ZSHAlertTests.m */,
				3AEE2E061F4AA82F004430C8 /* Info.plist */,
			);
			path = ZSHAlertTests;
			sourceTree = "<group>";
		};
		3AEE2E0E1F4AA82F004430C8 /* ZSHAlertUITests */ = {
			isa = PBXGroup;
			children = (
				3AEE2E0F1F4AA82F004430C8 /* ZSHAlertUITests.m */,
				3AEE2E111F4AA82F004430C8 /* Info.plist */,
			);
			path = ZSHAlertUITests;
			sourceTree = "<group>";
		};
		3AEE2E1D1F4AA85A004430C8 /* CustomAlert(自定义提示框) */ = {
			isa = PBXGroup;
			children = (
				3AEE2E1E1F4AA85A004430C8 /* ZSHAlertButton.h */,
				3AEE2E1F1F4AA85A004430C8 /* ZSHAlertButton.m */,
				3AEE2E201F4AA85A004430C8 /* ZSHAlertV.h */,
				3AEE2E211F4AA85A004430C8 /* ZSHAlertV.m */,
				3AEE2E221F4AA85A004430C8 /* ZSHControlView.h */,
				3AEE2E231F4AA85A004430C8 /* ZSHControlView.m */,
			);
			path = "CustomAlert(自定义提示框)";
			sourceTree = "<group>";
		};
/* End PBXGroup section */

/* Begin PBXNativeTarget section */
		3AEE2DE61F4AA82F004430C8 /* ZSHAlert */ = {
			isa = PBXNativeTarget;
			buildConfigurationList = 3AEE2E141F4AA82F004430C8 /* Build configuration list for PBXNativeTarget "ZSHAlert" */;
			buildPhases = (
				3AEE2DE31F4AA82F004430C8 /* Sources */,
				3AEE2DE41F4AA82F004430C8 /* Frameworks */,
				3AEE2DE51F4AA82F004430C8 /* Resources */,
			);
			buildRules = (
			);
			dependencies = (
			);
			name = ZSHAlert;
			productName = ZSHAlert;
			productReference = 3AEE2DE71F4AA82F004430C8 /* ZSHAlert.app */;
			productType = "com.apple.product-type.application";
		};
		3AEE2DFF1F4AA82F004430C8 /* ZSHAlertTests */ = {
			isa = PBXNativeTarget;
			buildConfigurationList = 3AEE2E171F4AA82F004430C8 /* Build configuration list for PBXNativeTarget "ZSHAlertTests" */;
			buildPhases = (
				3AEE2DFC1F4AA82F004430C8 /* Sources */,
				3AEE2DFD1F4AA82F004430C8 /* Frameworks */,
				3AEE2DFE1F4AA82F004430C8 /* Resources */,
			);
			buildRules = (
			);
			dependencies = (
				3AEE2E021F4AA82F004430C8 /* PBXTargetDependency */,
			);
			name = ZSHAlertTests;
			productName = ZSHAlertTests;
			productReference = 3AEE2E001F4AA82F004430C8 /* ZSHAlertTests.xctest */;
			productType = "com.apple.product-type.bundle.unit-test";
		};
		3AEE2E0A1F4AA82F004430C8 /* ZSHAlertUITests */ = {
			isa = PBXNativeTarget;
			buildConfigurationList = 3AEE2E1A1F4AA82F004430C8 /* Build configuration list for PBXNativeTarget "ZSHAlertUITests" */;
			buildPhases = (
				3AEE2E071F4AA82F004430C8 /* Sources */,
				3AEE2E081F4AA82F004430C8 /* Frameworks */,
				3AEE2E091F4AA82F004430C8 /* Resources */,
			);
			buildRules = (
			);
			dependencies = (
				3AEE2E0D1F4AA82F004430C8 /* PBXTargetDependency */,
			);
			name = ZSHAlertUITests;
			productName = ZSHAlertUITests;
			productReference = 3AEE2E0B1F4AA82F004430C8 /* ZSHAlertUITests.xctest */;
			productType = "com.apple.product-type.bundle.ui-testing";
		};
/* End PBXNativeTarget section */

/* Begin PBXProject section */
		3AEE2DDF1F4AA82F004430C8 /* Project object */ = {
			isa = PBXProject;
			attributes = {
				LastUpgradeCheck = 0830;
				ORGANIZATIONNAME = "维奕";
				TargetAttributes = {
					3AEE2DE61F4AA82F004430C8 = {
						CreatedOnToolsVersion = 8.3.3;
						DevelopmentTeam = 2M9SKNU2B7;
						ProvisioningStyle = Automatic;
					};
					3AEE2DFF1F4AA82F004430C8 = {
						CreatedOnToolsVersion = 8.3.3;
						DevelopmentTeam = 2M9SKNU2B7;
						ProvisioningStyle = Automatic;
						TestTargetID = 3AEE2DE61F4AA82F004430C8;
					};
					3AEE2E0A1F4AA82F004430C8 = {
						CreatedOnToolsVersion = 8.3.3;
						DevelopmentTeam = 2M9SKNU2B7;
						ProvisioningStyle = Automatic;
						TestTargetID = 3AEE2DE61F4AA82F004430C8;
					};
				};
			};
			buildConfigurationList = 3AEE2DE21F4AA82F004430C8 /* Build configuration list for PBXProject "ZSHAlert" */;
			compatibilityVersion = "Xcode 3.2";
			developmentRegion = English;
			hasScannedForEncodings = 0;
			knownRegions = (
				en,
				Base,
			);
			mainGroup = 3AEE2DDE1F4AA82F004430C8;
			productRefGroup = 3AEE2DE81F4AA82F004430C8 /* Products */;
			projectDirPath = "";
			projectRoot = "";
			targets = (
				3AEE2DE61F4AA82F004430C8 /* ZSHAlert */,
				3AEE2DFF1F4AA82F004430C8 /* ZSHAlertTests */,
				3AEE2E0A1F4AA82F004430C8 /* ZSHAlertUITests */,
			);
		};
/* End PBXProject section */

/* Begin PBXResourcesBuildPhase section */
		3AEE2DE51F4AA82F004430C8 /* Resources */ = {
			isa = PBXResourcesBuildPhase;
			buildActionMask = 2147483647;
			files = (
				3AEE2DFA1F4AA82F004430C8 /* LaunchScreen.storyboard in Resources */,
				3AEE2DF71F4AA82F004430C8 /* Assets.xcassets in Resources */,
				3AEE2DF51F4AA82F004430C8 /* Main.storyboard in Resources */,
			);
			runOnlyForDeploymentPostprocessing = 0;
		};
		3AEE2DFE1F4AA82F004430C8 /* Resources */ = {
			isa = PBXResourcesBuildPhase;
			buildActionMask = 2147483647;
			files = (
			);
			runOnlyForDeploymentPostprocessing = 0;
		};
		3AEE2E091F4AA82F004430C8 /* Resources */ = {
			isa = PBXResourcesBuildPhase;
			buildActionMask = 2147483647;
			files = (
			);
			runOnlyForDeploymentPostprocessing = 0;
		};
/* End PBXResourcesBuildPhase section */

/* Begin PBXSourcesBuildPhase section */
		3AEE2DE31F4AA82F004430C8 /* Sources */ = {
			isa = PBXSourcesBuildPhase;
			buildActionMask = 2147483647;
			files = (
				3AEE2E261F4AA85A004430C8 /* ZSHControlView.m in Sources */,
				3AEE2E241F4AA85A004430C8 /* ZSHAlertButton.m in Sources */,
				3AEE2DF21F4AA82F004430C8 /* ViewController.m in Sources */,
				3AEE2DEF1F4AA82F004430C8 /* AppDelegate.m in Sources */,
				3AEE2E251F4AA85A004430C8 /* ZSHAlertV.m in Sources */,
				3AEE2DEC1F4AA82F004430C8 /* main.m in Sources */,
			);
			runOnlyForDeploymentPostprocessing = 0;
		};
		3AEE2DFC1F4AA82F004430C8 /* Sources */ = {
			isa = PBXSourcesBuildPhase;
			buildActionMask = 2147483647;
			files = (
				3AEE2E051F4AA82F004430C8 /* ZSHAlertTests.m in Sources */,
			);
			runOnlyForDeploymentPostprocessing = 0;
		};
		3AEE2E071F4AA82F004430C8 /* Sources */ = {
			isa = PBXSourcesBuildPhase;
			buildActionMask = 2147483647;
			files = (
				3AEE2E101F4AA82F004430C8 /* ZSHAlertUITests.m in Sources */,
			);
			runOnlyForDeploymentPostprocessing = 0;
		};
/* End PBXSourcesBuildPhase section */

/* Begin PBXTargetDependency section */
		3AEE2E021F4AA82F004430C8 /* PBXTargetDependency */ = {
			isa = PBXTargetDependency;
			target = 3AEE2DE61F4AA82F004430C8 /* ZSHAlert */;
			targetProxy = 3AEE2E011F4AA82F004430C8 /* PBXContainerItemProxy */;
		};
		3AEE2E0D1F4AA82F004430C8 /* PBXTargetDependency */ = {
			isa = PBXTargetDependency;
			target = 3AEE2DE61F4AA82F004430C8 /* ZSHAlert */;
			targetProxy = 3AEE2E0C1F4AA82F004430C8 /* PBXContainerItemProxy */;
		};
/* End PBXTargetDependency section */

/* Begin PBXVariantGroup section */
		3AEE2DF31F4AA82F004430C8 /* Main.storyboard */ = {
			isa = PBXVariantGroup;
			children = (
				3AEE2DF41F4AA82F004430C8 /* Base */,
			);
			name = Main.storyboard;
			sourceTree = "<group>";
		};
		3AEE2DF81F4AA82F004430C8 /* LaunchScreen.storyboard */ = {
			isa = PBXVariantGroup;
			children = (
				3AEE2DF91F4AA82F004430C8 /* Base */,
			);
			name = LaunchScreen.storyboard;
			sourceTree = "<group>";
		};
/* End PBXVariantGroup section */

/* Begin XCBuildConfiguration section */
		3AEE2E121F4AA82F004430C8 /* Debug */ = {
			isa = XCBuildConfiguration;
			buildSettings = {
				ALWAYS_SEARCH_USER_PATHS = NO;
				CLANG_ANALYZER_NONNULL = YES;
				CLANG_ANALYZER_NUMBER_OBJECT_CONVERSION = YES_AGGRESSIVE;
				CLANG_CXX_LANGUAGE_STANDARD = "gnu++0x";
				CLANG_CXX_LIBRARY = "libc++";
				CLANG_ENABLE_MODULES = YES;
				CLANG_ENABLE_OBJC_ARC = YES;
				CLANG_WARN_BOOL_CONVERSION = YES;
				CLANG_WARN_CONSTANT_CONVERSION = YES;
				CLANG_WARN_DIRECT_OBJC_ISA_USAGE = YES_ERROR;
				CLANG_WARN_DOCUMENTATION_COMMENTS = YES;
				CLANG_WARN_EMPTY_BODY = YES;
				CLANG_WARN_ENUM_CONVERSION = YES;
				CLANG_WARN_INFINITE_RECURSION = YES;
				CLANG_WARN_INT_CONVERSION = YES;
				CLANG_WARN_OBJC_ROOT_CLASS = YES_ERROR;
				CLANG_WARN_SUSPICIOUS_MOVE = YES;
				CLANG_WARN_UNREACHABLE_CODE = YES;
				CLANG_WARN__DUPLICATE_METHOD_MATCH = YES;
				"CODE_SIGN_IDENTITY[sdk=iphoneos*]" = "iPhone Developer";
				COPY_PHASE_STRIP = NO;
				DEBUG_INFORMATION_FORMAT = dwarf;
				ENABLE_STRICT_OBJC_MSGSEND = YES;
				ENABLE_TESTABILITY = YES;
				GCC_C_LANGUAGE_STANDARD = gnu99;
				GCC_DYNAMIC_NO_PIC = NO;
				GCC_NO_COMMON_BLOCKS = YES;
				GCC_OPTIMIZATION_LEVEL = 0;
				GCC_PREPROCESSOR_DEFINITIONS = (
					"DEBUG=1",
					"$(inherited)",
				);
				GCC_WARN_64_TO_32_BIT_CONVERSION = YES;
				GCC_WARN_ABOUT_RETURN_TYPE = YES_ERROR;
				GCC_WARN_UNDECLARED_SELECTOR = YES;
				GCC_WARN_UNINITIALIZED_AUTOS = YES_AGGRESSIVE;
				GCC_WARN_UNUSED_FUNCTION = YES;
				GCC_WARN_UNUSED_VARIABLE = YES;
				IPHONEOS_DEPLOYMENT_TARGET = 10.3;
				MTL_ENABLE_DEBUG_INFO = YES;
				ONLY_ACTIVE_ARCH = YES;
				SDKROOT = iphoneos;
			};
			name = Debug;
		};
		3AEE2E131F4AA82F004430C8 /* Release */ = {
			isa = XCBuildConfiguration;
			buildSettings = {
				ALWAYS_SEARCH_USER_PATHS = NO;
				CLANG_ANALYZER_NONNULL = YES;
				CLANG_ANALYZER_NUMBER_OBJECT_CONVERSION = YES_AGGRESSIVE;
				CLANG_CXX_LANGUAGE_STANDARD = "gnu++0x";
				CLANG_CXX_LIBRARY = "libc++";
				CLANG_ENABLE_MODULES = YES;
				CLANG_ENABLE_OBJC_ARC = YES;
				CLANG_WARN_BOOL_CONVERSION = YES;
				CLANG_WARN_CONSTANT_CONVERSION = YES;
				CLANG_WARN_DIRECT_OBJC_ISA_USAGE = YES_ERROR;
				CLANG_WARN_DOCUMENTATION_COMMENTS = YES;
				CLANG_WARN_EMPTY_BODY = YES;
				CLANG_WARN_ENUM_CONVERSION = YES;
				CLANG_WARN_INFINITE_RECURSION = YES;
				CLANG_WARN_INT_CONVERSION = YES;
				CLANG_WARN_OBJC_ROOT_CLASS = YES_ERROR;
				CLANG_WARN_SUSPICIOUS_MOVE = YES;
				CLANG_WARN_UNREACHABLE_CODE = YES;
				CLANG_WARN__DUPLICATE_METHOD_MATCH = YES;
				"CODE_SIGN_IDENTITY[sdk=iphoneos*]" = "iPhone Developer";
				COPY_PHASE_STRIP = NO;
				DEBUG_INFORMATION_FORMAT = "dwarf-with-dsym";
				ENABLE_NS_ASSERTIONS = NO;
				ENABLE_STRICT_OBJC_MSGSEND = YES;
				GCC_C_LANGUAGE_STANDARD = gnu99;
				GCC_NO_COMMON_BLOCKS = YES;
				GCC_WARN_64_TO_32_BIT_CONVERSION = YES;
				GCC_WARN_ABOUT_RETURN_TYPE = YES_ERROR;
				GCC_WARN_UNDECLARED_SELECTOR = YES;
				GCC_WARN_UNINITIALIZED_AUTOS = YES_AGGRESSIVE;
				GCC_WARN_UNUSED_FUNCTION = YES;
				GCC_WARN_UNUSED_VARIABLE = YES;
				IPHONEOS_DEPLOYMENT_TARGET = 10.3;
				MTL_ENABLE_DEBUG_INFO = NO;
				SDKROOT = iphoneos;
				VALIDATE_PRODUCT = YES;
			};
			name = Release;
		};
		3AEE2E151F4AA82F004430C8 /* Debug */ = {
			isa = XCBuildConfiguration;
			buildSettings = {
				ASSETCATALOG_COMPILER_APPICON_NAME = AppIcon;
				DEVELOPMENT_TEAM = 2M9SKNU2B7;
				INFOPLIST_FILE = ZSHAlert/Info.plist;
				LD_RUNPATH_SEARCH_PATHS = "$(inherited) @executable_path/Frameworks";
				PRODUCT_BUNDLE_IDENTIFIER = weiyi.ZSHAlert;
				PRODUCT_NAME = "$(TARGET_NAME)";
			};
			name = Debug;
		};
		3AEE2E161F4AA82F004430C8 /* Release */ = {
			isa = XCBuildConfiguration;
			buildSettings = {
				ASSETCATALOG_COMPILER_APPICON_NAME = AppIcon;
				DEVELOPMENT_TEAM = 2M9SKNU2B7;
				INFOPLIST_FILE = ZSHAlert/Info.plist;
				LD_RUNPATH_SEARCH_PATHS = "$(inherited) @executable_path/Frameworks";
				PRODUCT_BUNDLE_IDENTIFIER = weiyi.ZSHAlert;
				PRODUCT_NAME = "$(TARGET_NAME)";
			};
			name = Release;
		};
		3AEE2E181F4AA82F004430C8 /* Debug */ = {
			isa = XCBuildConfiguration;
			buildSettings = {
				BUNDLE_LOADER = "$(TEST_HOST)";
				DEVELOPMENT_TEAM = 2M9SKNU2B7;
				INFOPLIST_FILE = ZSHAlertTests/Info.plist;
				LD_RUNPATH_SEARCH_PATHS = "$(inherited) @executable_path/Frameworks @loader_path/Frameworks";
				PRODUCT_BUNDLE_IDENTIFIER = weiyi.ZSHAlertTests;
				PRODUCT_NAME = "$(TARGET_NAME)";
				TEST_HOST = "$(BUILT_PRODUCTS_DIR)/ZSHAlert.app/ZSHAlert";
			};
			name = Debug;
		};
		3AEE2E191F4AA82F004430C8 /* Release */ = {
			isa = XCBuildConfiguration;
			buildSettings = {
				BUNDLE_LOADER = "$(TEST_HOST)";
				DEVELOPMENT_TEAM = 2M9SKNU2B7;
				INFOPLIST_FILE = ZSHAlertTests/Info.plist;
				LD_RUNPATH_SEARCH_PATHS = "$(inherited) @executable_path/Frameworks @loader_path/Frameworks";
				PRODUCT_BUNDLE_IDENTIFIER = weiyi.ZSHAlertTests;
				PRODUCT_NAME = "$(TARGET_NAME)";
				TEST_HOST = "$(BUILT_PRODUCTS_DIR)/ZSHAlert.app/ZSHAlert";
			};
			name = Release;
		};
		3AEE2E1B1F4AA82F004430C8 /* Debug */ = {
			isa = XCBuildConfiguration;
			buildSettings = {
				DEVELOPMENT_TEAM = 2M9SKNU2B7;
				INFOPLIST_FILE = ZSHAlertUITests/Info.plist;
				LD_RUNPATH_SEARCH_PATHS = "$(inherited) @executable_path/Frameworks @loader_path/Frameworks";
				PRODUCT_BUNDLE_IDENTIFIER = weiyi.ZSHAlertUITests;
				PRODUCT_NAME = "$(TARGET_NAME)";
				TEST_TARGET_NAME = ZSHAlert;
			};
			name = Debug;
		};
		3AEE2E1C1F4AA82F004430C8 /* Release */ = {
			isa = XCBuildConfiguration;
			buildSettings = {
				DEVELOPMENT_TEAM = 2M9SKNU2B7;
				INFOPLIST_FILE = ZSHAlertUITests/Info.plist;
				LD_RUNPATH_SEARCH_PATHS = "$(inherited) @executable_path/Frameworks @loader_path/Frameworks";
				PRODUCT_BUNDLE_IDENTIFIER = weiyi.ZSHAlertUITests;
				PRODUCT_NAME = "$(TARGET_NAME)";
				TEST_TARGET_NAME = ZSHAlert;
			};
			name = Release;
		};
/* End XCBuildConfiguration section */

/* Begin XCConfigurationList section */
		3AEE2DE21F4AA82F004430C8 /* Build configuration list for PBXProject "ZSHAlert" */ = {
			isa = XCConfigurationList;
			buildConfigurations = (
				3AEE2E121F4AA82F004430C8 /* Debug */,
				3AEE2E131F4AA82F004430C8 /* Release */,
			);
			defaultConfigurationIsVisible = 0;
			defaultConfigurationName = Release;
		};
		3AEE2E141F4AA82F004430C8 /* Build configuration list for PBXNativeTarget "ZSHAlert" */ = {
			isa = XCConfigurationList;
			buildConfigurations = (
				3AEE2E151F4AA82F004430C8 /* Debug */,
				3AEE2E161F4AA82F004430C8 /* Release */,
			);
			defaultConfigurationIsVisible = 0;
		};
		3AEE2E171F4AA82F004430C8 /* Build configuration list for PBXNativeTarget "ZSHAlertTests" */ = {
			isa = XCConfigurationList;
			buildConfigurations = (
				3AEE2E181F4AA82F004430C8 /* Debug */,
				3AEE2E191F4AA82F004430C8 /* Release */,
			);
			defaultConfigurationIsVisible = 0;
		};
		3AEE2E1A1F4AA82F004430C8 /* Build configuration list for PBXNativeTarget "ZSHAlertUITests" */ = {
			isa = XCConfigurationList;
			buildConfigurations = (
				3AEE2E1B1F4AA82F004430C8 /* Debug */,
				3AEE2E1C1F4AA82F004430C8 /* Release */,
			);
			defaultConfigurationIsVisible = 0;
		};
/* End XCConfigurationList section */
	};
	rootObject = 3AEE2DDF1F4AA82F004430C8 /* Project object */;
}
